// !$*UTF8*$!
{
	archiveVersion = 1;
	classes = {
	};
	objectVersion = 46;
	objects = {

/* Begin PBXBuildFile section */
		F58A0CA01EB0D83B00EFCB3F /* SettingNameViewController.swift in Sources */ = {isa = PBXBuildFile; fileRef = F58A0C9F1EB0D83B00EFCB3F /* SettingNameViewController.swift */; };
		F58A0CA21EB0D85100EFCB3F /* SettingNumberViewController.swift in Sources */ = {isa = PBXBuildFile; fileRef = F58A0CA11EB0D85100EFCB3F /* SettingNumberViewController.swift */; };
		F58A0CA41EB0D86F00EFCB3F /* DeleteEditViewController.swift in Sources */ = {isa = PBXBuildFile; fileRef = F58A0CA31EB0D86F00EFCB3F /* DeleteEditViewController.swift */; };
		F5FFCD6E1EB0B87B004D6EC3 /* AppDelegate.swift in Sources */ = {isa = PBXBuildFile; fileRef = F5FFCD6D1EB0B87B004D6EC3 /* AppDelegate.swift */; };
		F5FFCD701EB0B87B004D6EC3 /* ViewController.swift in Sources */ = {isa = PBXBuildFile; fileRef = F5FFCD6F1EB0B87B004D6EC3 /* ViewController.swift */; };
		F5FFCD731EB0B87B004D6EC3 /* Main.storyboard in Resources */ = {isa = PBXBuildFile; fileRef = F5FFCD711EB0B87B004D6EC3 /* Main.storyboard */; };
		F5FFCD761EB0B87B004D6EC3 /* QuickDial.xcdatamodeld in Sources */ = {isa = PBXBuildFile; fileRef = F5FFCD741EB0B87B004D6EC3 /* QuickDial.xcdatamodeld */; };
		F5FFCD781EB0B87B004D6EC3 /* Assets.xcassets in Resources */ = {isa = PBXBuildFile; fileRef = F5FFCD771EB0B87B004D6EC3 /* Assets.xcassets */; };
		F5FFCD7B1EB0B87B004D6EC3 /* LaunchScreen.storyboard in Resources */ = {isa = PBXBuildFile; fileRef = F5FFCD791EB0B87B004D6EC3 /* LaunchScreen.storyboard */; };
		F5FFCD831EB0BB6F004D6EC3 /* BigLabelButton.swift in Sources */ = {isa = PBXBuildFile; fileRef = F5FFCD821EB0BB6F004D6EC3 /* BigLabelButton.swift */; };
/* End PBXBuildFile section */

/* Begin PBXFileReference section */
		F58A0C9F1EB0D83B00EFCB3F /* SettingNameViewController.swift */ = {isa = PBXFileReference; fileEncoding = 4; lastKnownFileType = sourcecode.swift; path = SettingNameViewController.swift; sourceTree = "<group>"; };
		F58A0CA11EB0D85100EFCB3F /* SettingNumberViewController.swift */ = {isa = PBXFileReference; fileEncoding = 4; lastKnownFileType = sourcecode.swift; path = SettingNumberViewController.swift; sourceTree = "<group>"; };
		F58A0CA31EB0D86F00EFCB3F /* DeleteEditViewController.swift */ = {isa = PBXFileReference; fileEncoding = 4; lastKnownFileType = sourcecode.swift; path = DeleteEditViewController.swift; sourceTree = "<group>"; };
		F5FFCD6A1EB0B87B004D6EC3 /* QuickDial.app */ = {isa = PBXFileReference; explicitFileType = wrapper.application; includeInIndex = 0; path = QuickDial.app; sourceTree = BUILT_PRODUCTS_DIR; };
		F5FFCD6D1EB0B87B004D6EC3 /* AppDelegate.swift */ = {isa = PBXFileReference; lastKnownFileType = sourcecode.swift; path = AppDelegate.swift; sourceTree = "<group>"; };
		F5FFCD6F1EB0B87B004D6EC3 /* ViewController.swift */ = {isa = PBXFileReference; lastKnownFileType = sourcecode.swift; path = ViewController.swift; sourceTree = "<group>"; };
		F5FFCD721EB0B87B004D6EC3 /* Base */ = {isa = PBXFileReference; lastKnownFileType = file.storyboard; name = Base; path = Base.lproj/Main.storyboard; sourceTree = "<group>"; };
		F5FFCD751EB0B87B004D6EC3 /* QuickDial.xcdatamodel */ = {isa = PBXFileReference; lastKnownFileType = wrapper.xcdatamodel; path = QuickDial.xcdatamodel; sourceTree = "<group>"; };
		F5FFCD771EB0B87B004D6EC3 /* Assets.xcassets */ = {isa = PBXFileReference; lastKnownFileType = folder.assetcatalog; path = Assets.xcassets; sourceTree = "<group>"; };
		F5FFCD7A1EB0B87B004D6EC3 /* Base */ = {isa = PBXFileReference; lastKnownFileType = file.storyboard; name = Base; path = Base.lproj/LaunchScreen.storyboard; sourceTree = "<group>"; };
		F5FFCD7C1EB0B87B004D6EC3 /* Info.plist */ = {isa = PBXFileReference; lastKnownFileType = text.plist.xml; path = Info.plist; sourceTree = "<group>"; };
		F5FFCD821EB0BB6F004D6EC3 /* BigLabelButton.swift */ = {isa = PBXFileReference; fileEncoding = 4; lastKnownFileType = sourcecode.swift; path = BigLabelButton.swift; sourceTree = "<group>"; };
/* End PBXFileReference section */

/* Begin PBXFrameworksBuildPhase section */
		F5FFCD671EB0B87B004D6EC3 /* Frameworks */ = {
			isa = PBXFrameworksBuildPhase;
			buildActionMask = 2147483647;
			files = (
			);
			runOnlyForDeploymentPostprocessing = 0;
		};
/* End PBXFrameworksBuildPhase section */

/* Begin PBXGroup section */
		F5FFCD611EB0B87B004D6EC3 = {
			isa = PBXGroup;
			children = (
				F5FFCD6C1EB0B87B004D6EC3 /* QuickDial */,
				F5FFCD6B1EB0B87B004D6EC3 /* Products */,
			);
			sourceTree = "<group>";
		};
		F5FFCD6B1EB0B87B004D6EC3 /* Products */ = {
			isa = PBXGroup;
			children = (
				F5FFCD6A1EB0B87B004D6EC3 /* QuickDial.app */,
			);
			name = Products;
			sourceTree = "<group>";
		};
		F5FFCD6C1EB0B87B004D6EC3 /* QuickDial */ = {
			isa = PBXGroup;
			children = (
				F5FFCD6D1EB0B87B004D6EC3 /* AppDelegate.swift */,
				F5FFCD6F1EB0B87B004D6EC3 /* ViewController.swift */,
				F5FFCD711EB0B87B004D6EC3 /* Main.storyboard */,
				F5FFCD771EB0B87B004D6EC3 /* Assets.xcassets */,
				F5FFCD791EB0B87B004D6EC3 /* LaunchScreen.storyboard */,
				F5FFCD7C1EB0B87B004D6EC3 /* Info.plist */,
				F5FFCD741EB0B87B004D6EC3 /* QuickDial.xcdatamodeld */,
				F5FFCD821EB0BB6F004D6EC3 /* BigLabelButton.swift */,
				F58A0C9F1EB0D83B00EFCB3F /* SettingNameViewController.swift */,
				F58A0CA11EB0D85100EFCB3F /* SettingNumberViewController.swift */,
				F58A0CA31EB0D86F00EFCB3F /* DeleteEditViewController.swift */,
			);
			path = QuickDial;
			sourceTree = "<group>";
		};
/* End PBXGroup section */

/* Begin PBXNativeTarget section */
		F5FFCD691EB0B87B004D6EC3 /* QuickDial */ = {
			isa = PBXNativeTarget;
			buildConfigurationList = F5FFCD7F1EB0B87B004D6EC3 /* Build configuration list for PBXNativeTarget "QuickDial" */;
			buildPhases = (
				F5FFCD661EB0B87B004D6EC3 /* Sources */,
				F5FFCD671EB0B87B004D6EC3 /* Frameworks */,
				F5FFCD681EB0B87B004D6EC3 /* Resources */,
			);
			buildRules = (
			);
			dependencies = (
			);
			name = QuickDial;
			productName = QuickDial;
			productReference = F5FFCD6A1EB0B87B004D6EC3 /* QuickDial.app */;
			productType = "com.apple.product-type.application";
		};
/* End PBXNativeTarget section */

/* Begin PBXProject section */
		F5FFCD621EB0B87B004D6EC3 /* Project object */ = {
			isa = PBXProject;
			attributes = {
				LastSwiftUpdateCheck = 0830;
				LastUpgradeCheck = 0830;
				ORGANIZATIONNAME = "Sheng Chi Chen";
				TargetAttributes = {
					F5FFCD691EB0B87B004D6EC3 = {
						CreatedOnToolsVersion = 8.3.2;
						DevelopmentTeam = 7J3Q7YHU9F;
						ProvisioningStyle = Automatic;
					};
				};
			};
			buildConfigurationList = F5FFCD651EB0B87B004D6EC3 /* Build configuration list for PBXProject "QuickDial" */;
			compatibilityVersion = "Xcode 3.2";
			developmentRegion = English;
			hasScannedForEncodings = 0;
			knownRegions = (
				en,
				Base,
			);
			mainGroup = F5FFCD611EB0B87B004D6EC3;
			productRefGroup = F5FFCD6B1EB0B87B004D6EC3 /* Products */;
			projectDirPath = "";
			projectRoot = "";
			targets = (
				F5FFCD691EB0B87B004D6EC3 /* QuickDial */,
			);
		};
/* End PBXProject section */

/* Begin PBXResourcesBuildPhase section */
		F5FFCD681EB0B87B004D6EC3 /* Resources */ = {
			isa = PBXResourcesBuildPhase;
			buildActionMask = 2147483647;
			files = (
				F5FFCD7B1EB0B87B004D6EC3 /* LaunchScreen.storyboard in Resources */,
				F5FFCD781EB0B87B004D6EC3 /* Assets.xcassets in Resources */,
				F5FFCD731EB0B87B004D6EC3 /* Main.storyboard in Resources */,
			);
			runOnlyForDeploymentPostprocessing = 0;
		};
/* End PBXResourcesBuildPhase section */

/* Begin PBXSourcesBuildPhase section */
		F5FFCD661EB0B87B004D6EC3 /* Sources */ = {
			isa = PBXSourcesBuildPhase;
			buildActionMask = 2147483647;
			files = (
				F5FFCD701EB0B87B004D6EC3 /* ViewController.swift in Sources */,
				F58A0CA01EB0D83B00EFCB3F /* SettingNameViewController.swift in Sources */,
				F5FFCD831EB0BB6F004D6EC3 /* BigLabelButton.swift in Sources */,
				F5FFCD761EB0B87B004D6EC3 /* QuickDial.xcdatamodeld in Sources */,
				F58A0CA21EB0D85100EFCB3F /* SettingNumberViewController.swift in Sources */,
				F58A0CA41EB0D86F00EFCB3F /* DeleteEditViewController.swift in Sources */,
				F5FFCD6E1EB0B87B004D6EC3 /* AppDelegate.swift in Sources */,
			);
			runOnlyForDeploymentPostprocessing = 0;
		};
/* End PBXSourcesBuildPhase section */

/* Begin PBXVariantGroup section */
		F5FFCD711EB0B87B004D6EC3 /* Main.storyboard */ = {
			isa = PBXVariantGroup;
			children = (
				F5FFCD721EB0B87B004D6EC3 /* Base */,
			);
			name = Main.storyboard;
			sourceTree = "<group>";
		};
		F5FFCD791EB0B87B004D6EC3 /* LaunchScreen.storyboard */ = {
			isa = PBXVariantGroup;
			children = (
				F5FFCD7A1EB0B87B004D6EC3 /* Base */,
			);
			name = LaunchScreen.storyboard;
			sourceTree = "<group>";
		};
/* End PBXVariantGroup section */

/* Begin XCBuildConfiguration section */
		F5FFCD7D1EB0B87B004D6EC3 /* Debug */ = {
			isa = XCBuildConfiguration;
			buildSettings = {
				ALWAYS_SEARCH_USER_PATHS = NO;
				CLANG_ANALYZER_NONNULL = YES;
				CLANG_ANALYZER_NUMBER_OBJECT_CONVERSION = YES_AGGRESSIVE;
				CLANG_CXX_LANGUAGE_STANDARD = "gnu++0x";
				CLANG_CXX_LIBRARY = "libc++";
				CLANG_ENABLE_MODULES = YES;
				CLANG_ENABLE_OBJC_ARC = YES;
				CLANG_WARN_BOOL_CONVERSION = YES;
				CLANG_WARN_CONSTANT_CONVERSION = YES;
				CLANG_WARN_DIRECT_OBJC_ISA_USAGE = YES_ERROR;
				CLANG_WARN_DOCUMENTATION_COMMENTS = YES;
				CLANG_WARN_EMPTY_BODY = YES;
				CLANG_WARN_ENUM_CONVERSION = YES;
				CLANG_WARN_INFINITE_RECURSION = YES;
				CLANG_WARN_INT_CONVERSION = YES;
				CLANG_WARN_OBJC_ROOT_CLASS = YES_ERROR;
				CLANG_WARN_SUSPICIOUS_MOVE = YES;
				CLANG_WARN_UNREACHABLE_CODE = YES;
				CLANG_WARN__DUPLICATE_METHOD_MATCH = YES;
				"CODE_SIGN_IDENTITY[sdk=iphoneos*]" = "iPhone Developer";
				COPY_PHASE_STRIP = NO;
				DEBUG_INFORMATION_FORMAT = dwarf;
				ENABLE_STRICT_OBJC_MSGSEND = YES;
				ENABLE_TESTABILITY = YES;
				GCC_C_LANGUAGE_STANDARD = gnu99;
				GCC_DYNAMIC_NO_PIC = NO;
				GCC_NO_COMMON_BLOCKS = YES;
				GCC_OPTIMIZATION_LEVEL = 0;
				GCC_PREPROCESSOR_DEFINITIONS = (
					"DEBUG=1",
					"$(inherited)",
				);
				GCC_WARN_64_TO_32_BIT_CONVERSION = YES;
				GCC_WARN_ABOUT_RETURN_TYPE = YES_ERROR;
				GCC_WARN_UNDECLARED_SELECTOR = YES;
				GCC_WARN_UNINITIALIZED_AUTOS = YES_AGGRESSIVE;
				GCC_WARN_UNUSED_FUNCTION = YES;
				GCC_WARN_UNUSED_VARIABLE = YES;
				IPHONEOS_DEPLOYMENT_TARGET = 10.3;
				MTL_ENABLE_DEBUG_INFO = YES;
				ONLY_ACTIVE_ARCH = YES;
				SDKROOT = iphoneos;
				SWIFT_ACTIVE_COMPILATION_CONDITIONS = DEBUG;
				SWIFT_OPTIMIZATION_LEVEL = "-Onone";
				TARGETED_DEVICE_FAMILY = "1,2";
			};
			name = Debug;
		};
		F5FFCD7E1EB0B87B004D6EC3 /* Release */ = {
			isa = XCBuildConfiguration;
			buildSettings = {
				ALWAYS_SEARCH_USER_PATHS = NO;
				CLANG_ANALYZER_NONNULL = YES;
				CLANG_ANALYZER_NUMBER_OBJECT_CONVERSION = YES_AGGRESSIVE;
				CLANG_CXX_LANGUAGE_STANDARD = "gnu++0x";
				CLANG_CXX_LIBRARY = "libc++";
				CLANG_ENABLE_MODULES = YES;
				CLANG_ENABLE_OBJC_ARC = YES;
				CLANG_WARN_BOOL_CONVERSION = YES;
				CLANG_WARN_CONSTANT_CONVERSION = YES;
				CLANG_WARN_DIRECT_OBJC_ISA_USAGE = YES_ERROR;
				CLANG_WARN_DOCUMENTATION_COMMENTS = YES;
				CLANG_WARN_EMPTY_BODY = YES;
				CLANG_WARN_ENUM_CONVERSION = YES;
				CLANG_WARN_INFINITE_RECURSION = YES;
				CLANG_WARN_INT_CONVERSION = YES;
				CLANG_WARN_OBJC_ROOT_CLASS = YES_ERROR;
				CLANG_WARN_SUSPICIOUS_MOVE = YES;
				CLANG_WARN_UNREACHABLE_CODE = YES;
				CLANG_WARN__DUPLICATE_METHOD_MATCH = YES;
				"CODE_SIGN_IDENTITY[sdk=iphoneos*]" = "iPhone Developer";
				COPY_PHASE_STRIP = NO;
				DEBUG_INFORMATION_FORMAT = "dwarf-with-dsym";
				ENABLE_NS_ASSERTIONS = NO;
				ENABLE_STRICT_OBJC_MSGSEND = YES;
				GCC_C_LANGUAGE_STANDARD = gnu99;
				GCC_NO_COMMON_BLOCKS = YES;
				GCC_WARN_64_TO_32_BIT_CONVERSION = YES;
				GCC_WARN_ABOUT_RETURN_TYPE = YES_ERROR;
				GCC_WARN_UNDECLARED_SELECTOR = YES;
				GCC_WARN_UNINITIALIZED_AUTOS = YES_AGGRESSIVE;
				GCC_WARN_UNUSED_FUNCTION = YES;
				GCC_WARN_UNUSED_VARIABLE = YES;
				IPHONEOS_DEPLOYMENT_TARGET = 10.3;
				MTL_ENABLE_DEBUG_INFO = NO;
				SDKROOT = iphoneos;
				SWIFT_OPTIMIZATION_LEVEL = "-Owholemodule";
				TARGETED_DEVICE_FAMILY = "1,2";
				VALIDATE_PRODUCT = YES;
			};
			name = Release;
		};
		F5FFCD801EB0B87B004D6EC3 /* Debug */ = {
			isa = XCBuildConfiguration;
			buildSettings = {
				ASSETCATALOG_COMPILER_APPICON_NAME = AppIcon;
				DEVELOPMENT_TEAM = 7J3Q7YHU9F;
				INFOPLIST_FILE = QuickDial/Info.plist;
				LD_RUNPATH_SEARCH_PATHS = "$(inherited) @executable_path/Frameworks";
				PRODUCT_BUNDLE_IDENTIFIER = com.shengchichen.QuickDial;
				PRODUCT_NAME = "$(TARGET_NAME)";
				SWIFT_VERSION = 3.0;
			};
			name = Debug;
		};
		F5FFCD811EB0B87B004D6EC3 /* Release */ = {
			isa = XCBuildConfiguration;
			buildSettings = {
				ASSETCATALOG_COMPILER_APPICON_NAME = AppIcon;
				DEVELOPMENT_TEAM = 7J3Q7YHU9F;
				INFOPLIST_FILE = QuickDial/Info.plist;
				LD_RUNPATH_SEARCH_PATHS = "$(inherited) @executable_path/Frameworks";
				PRODUCT_BUNDLE_IDENTIFIER = com.shengchichen.QuickDial;
				PRODUCT_NAME = "$(TARGET_NAME)";
				SWIFT_VERSION = 3.0;
			};
			name = Release;
		};
/* End XCBuildConfiguration section */

/* Begin XCConfigurationList section */
		F5FFCD651EB0B87B004D6EC3 /* Build configuration list for PBXProject "QuickDial" */ = {
			isa = XCConfigurationList;
			buildConfigurations = (
				F5FFCD7D1EB0B87B004D6EC3 /* Debug */,
				F5FFCD7E1EB0B87B004D6EC3 /* Release */,
			);
			defaultConfigurationIsVisible = 0;
			defaultConfigurationName = Release;
		};
		F5FFCD7F1EB0B87B004D6EC3 /* Build configuration list for PBXNativeTarget "QuickDial" */ = {
			isa = XCConfigurationList;
			buildConfigurations = (
				F5FFCD801EB0B87B004D6EC3 /* Debug */,
				F5FFCD811EB0B87B004D6EC3 /* Release */,
			);
			defaultConfigurationIsVisible = 0;
			defaultConfigurationName = Release;
		};
/* End XCConfigurationList section */

/* Begin XCVersionGroup section */
		F5FFCD741EB0B87B004D6EC3 /* QuickDial.xcdatamodeld */ = {
			isa = XCVersionGroup;
			children = (
				F5FFCD751EB0B87B004D6EC3 /* QuickDial.xcdatamodel */,
			);
			currentVersion = F5FFCD751EB0B87B004D6EC3 /* QuickDial.xcdatamodel */;
			path = QuickDial.xcdatamodeld;
			sourceTree = "<group>";
			versionGroupType = wrapper.xcdatamodel;
		};
/* End XCVersionGroup section */
	};
	rootObject = F5FFCD621EB0B87B004D6EC3 /* Project object */;
}
